
Microsoft Visual Studio Solution File, Format Version 12.00
# Visual Studio Version 17
VisualStudioVersion = 17.14.36327.8 d17.14
MinimumVisualStudioVersion = 10.0.40219.1
Project("{FAE04EC0-301F-11D3-BF4B-00C04F79EFBC}") = "DCIT318Assignment1", "DCIT318Assignment1.csproj", "{1C9ADA8C-C3FC-4939-888E-0D32E1028F33}"
EndProject
Global
	GlobalSection(SolutionConfigurationPlatforms) = preSolution
		Debug|Any CPU = Debug|Any CPU
		Release|Any CPU = Release|Any CPU
	EndGlobalSection
	GlobalSection(ProjectConfigurationPlatforms) = postSolution
		{1C9ADA8C-C3FC-4939-888E-0D32E1028F33}.Debug|Any CPU.ActiveCfg = Debug|Any CPU
		{1C9ADA8C-C3FC-4939-888E-0D32E1028F33}.Debug|Any CPU.Build.0 = Debug|Any CPU
		{1C9ADA8C-C3FC-4939-888E-0D32E1028F33}.Release|Any CPU.ActiveCfg = Release|Any CPU
		{1C9ADA8C-C3FC-4939-888E-0D32E1028F33}.Release|Any CPU.Build.0 = Release|Any CPU
	EndGlobalSection
	GlobalSection(SolutionProperties) = preSolution
		HideSolutionNode = FALSE
	EndGlobalSection
	GlobalSection(ExtensibilityGlobals) = postSolution
		SolutionGuid = {786127FF-3333-4E4C-A0FA-9388CA6686F6}
	EndGlobalSection
EndGlobal
